// !$*UTF8*$!
{
	archiveVersion = 1;
	classes = {
	};
	objectVersion = 50;
	objects = {

/* Begin PBXBuildFile section */
		362EA8B02261AB4D007B0973 /* MessageRClass.m in Sources */ = {isa = PBXBuildFile; fileRef = 362EA8AF2261AB4D007B0973 /* MessageRClass.m */; };
		36728BC822577B9A00681C0F /* AppDelegate.m in Sources */ = {isa = PBXBuildFile; fileRef = 36728BC722577B9A00681C0F /* AppDelegate.m */; };
		36728BCB22577B9A00681C0F /* ViewController.m in Sources */ = {isa = PBXBuildFile; fileRef = 36728BCA22577B9A00681C0F /* ViewController.m */; };
		36728BCE22577B9A00681C0F /* Main.storyboard in Resources */ = {isa = PBXBuildFile; fileRef = 36728BCC22577B9A00681C0F /* Main.storyboard */; };
		36728BD022577B9B00681C0F /* Assets.xcassets in Resources */ = {isa = PBXBuildFile; fileRef = 36728BCF22577B9B00681C0F /* Assets.xcassets */; };
		36728BD322577B9B00681C0F /* LaunchScreen.storyboard in Resources */ = {isa = PBXBuildFile; fileRef = 36728BD122577B9B00681C0F /* LaunchScreen.storyboard */; };
		36728BD622577B9B00681C0F /* main.m in Sources */ = {isa = PBXBuildFile; fileRef = 36728BD522577B9B00681C0F /* main.m */; };
		36728BDE22577C1800681C0F /* MessageR.m in Sources */ = {isa = PBXBuildFile; fileRef = 36728BDD22577C1800681C0F /* MessageR.m */; };
		36728BE122577FB900681C0F /* SpareReceiver.m in Sources */ = {isa = PBXBuildFile; fileRef = 36728BE022577FB900681C0F /* SpareReceiver.m */; };
		36728BE4225784A700681C0F /* RuntimeTool.m in Sources */ = {isa = PBXBuildFile; fileRef = 36728BE3225784A700681C0F /* RuntimeTool.m */; };
/* End PBXBuildFile section */

/* Begin PBXFileReference section */
		362EA8AE2261AB4D007B0973 /* MessageRClass.h */ = {isa = PBXFileReference; lastKnownFileType = sourcecode.c.h; path = MessageRClass.h; sourceTree = "<group>"; };
		362EA8AF2261AB4D007B0973 /* MessageRClass.m */ = {isa = PBXFileReference; lastKnownFileType = sourcecode.c.objc; path = MessageRClass.m; sourceTree = "<group>"; };
		36728BC322577B9A00681C0F /* MessageForward.app */ = {isa = PBXFileReference; explicitFileType = wrapper.application; includeInIndex = 0; path = MessageForward.app; sourceTree = BUILT_PRODUCTS_DIR; };
		36728BC622577B9A00681C0F /* AppDelegate.h */ = {isa = PBXFileReference; lastKnownFileType = sourcecode.c.h; path = AppDelegate.h; sourceTree = "<group>"; };
		36728BC722577B9A00681C0F /* AppDelegate.m */ = {isa = PBXFileReference; lastKnownFileType = sourcecode.c.objc; path = AppDelegate.m; sourceTree = "<group>"; };
		36728BC922577B9A00681C0F /* ViewController.h */ = {isa = PBXFileReference; lastKnownFileType = sourcecode.c.h; path = ViewController.h; sourceTree = "<group>"; };
		36728BCA22577B9A00681C0F /* ViewController.m */ = {isa = PBXFileReference; lastKnownFileType = sourcecode.c.objc; path = ViewController.m; sourceTree = "<group>"; };
		36728BCD22577B9A00681C0F /* Base */ = {isa = PBXFileReference; lastKnownFileType = file.storyboard; name = Base; path = Base.lproj/Main.storyboard; sourceTree = "<group>"; };
		36728BCF22577B9B00681C0F /* Assets.xcassets */ = {isa = PBXFileReference; lastKnownFileType = folder.assetcatalog; path = Assets.xcassets; sourceTree = "<group>"; };
		36728BD222577B9B00681C0F /* Base */ = {isa = PBXFileReference; lastKnownFileType = file.storyboard; name = Base; path = Base.lproj/LaunchScreen.storyboard; sourceTree = "<group>"; };
		36728BD422577B9B00681C0F /* Info.plist */ = {isa = PBXFileReference; lastKnownFileType = text.plist.xml; path = Info.plist; sourceTree = "<group>"; };
		36728BD522577B9B00681C0F /* main.m */ = {isa = PBXFileReference; lastKnownFileType = sourcecode.c.objc; path = main.m; sourceTree = "<group>"; };
		36728BDC22577C1800681C0F /* MessageR.h */ = {isa = PBXFileReference; lastKnownFileType = sourcecode.c.h; path = MessageR.h; sourceTree = "<group>"; };
		36728BDD22577C1800681C0F /* MessageR.m */ = {isa = PBXFileReference; lastKnownFileType = sourcecode.c.objc; path = MessageR.m; sourceTree = "<group>"; };
		36728BDF22577FB900681C0F /* SpareReceiver.h */ = {isa = PBXFileReference; lastKnownFileType = sourcecode.c.h; path = SpareReceiver.h; sourceTree = "<group>"; };
		36728BE022577FB900681C0F /* SpareReceiver.m */ = {isa = PBXFileReference; lastKnownFileType = sourcecode.c.objc; path = SpareReceiver.m; sourceTree = "<group>"; };
		36728BE2225784A700681C0F /* RuntimeTool.h */ = {isa = PBXFileReference; lastKnownFileType = sourcecode.c.h; path = RuntimeTool.h; sourceTree = "<group>"; };
		36728BE3225784A700681C0F /* RuntimeTool.m */ = {isa = PBXFileReference; lastKnownFileType = sourcecode.c.objc; path = RuntimeTool.m; sourceTree = "<group>"; };
/* End PBXFileReference section */

/* Begin PBXFrameworksBuildPhase section */
		36728BC022577B9A00681C0F /* Frameworks */ = {
			isa = PBXFrameworksBuildPhase;
			buildActionMask = 2147483647;
			files = (
			);
			runOnlyForDeploymentPostprocessing = 0;
		};
/* End PBXFrameworksBuildPhase section */

/* Begin PBXGroup section */
		36728BBA22577B9A00681C0F = {
			isa = PBXGroup;
			children = (
				36728BC522577B9A00681C0F /* MessageForward */,
				36728BC422577B9A00681C0F /* Products */,
			);
			sourceTree = "<group>";
		};
		36728BC422577B9A00681C0F /* Products */ = {
			isa = PBXGroup;
			children = (
				36728BC322577B9A00681C0F /* MessageForward.app */,
			);
			name = Products;
			sourceTree = "<group>";
		};
		36728BC522577B9A00681C0F /* MessageForward */ = {
			isa = PBXGroup;
			children = (
				36728BC622577B9A00681C0F /* AppDelegate.h */,
				36728BC722577B9A00681C0F /* AppDelegate.m */,
				36728BC922577B9A00681C0F /* ViewController.h */,
				36728BCA22577B9A00681C0F /* ViewController.m */,
				36728BDC22577C1800681C0F /* MessageR.h */,
				36728BDD22577C1800681C0F /* MessageR.m */,
				362EA8AE2261AB4D007B0973 /* MessageRClass.h */,
				362EA8AF2261AB4D007B0973 /* MessageRClass.m */,
				36728BDF22577FB900681C0F /* SpareReceiver.h */,
				36728BE022577FB900681C0F /* SpareReceiver.m */,
				36728BE2225784A700681C0F /* RuntimeTool.h */,
				36728BE3225784A700681C0F /* RuntimeTool.m */,
				36728BCC22577B9A00681C0F /* Main.storyboard */,
				36728BCF22577B9B00681C0F /* Assets.xcassets */,
				36728BD122577B9B00681C0F /* LaunchScreen.storyboard */,
				36728BD422577B9B00681C0F /* Info.plist */,
				36728BD522577B9B00681C0F /* main.m */,
			);
			path = MessageForward;
			sourceTree = "<group>";
		};
/* End PBXGroup section */

/* Begin PBXNativeTarget section */
		36728BC222577B9A00681C0F /* MessageForward */ = {
			isa = PBXNativeTarget;
			buildConfigurationList = 36728BD922577B9B00681C0F /* Build configuration list for PBXNativeTarget "MessageForward" */;
			buildPhases = (
				36728BBF22577B9A00681C0F /* Sources */,
				36728BC022577B9A00681C0F /* Frameworks */,
				36728BC122577B9A00681C0F /* Resources */,
			);
			buildRules = (
			);
			dependencies = (
			);
			name = MessageForward;
			productName = MessageForward;
			productReference = 36728BC322577B9A00681C0F /* MessageForward.app */;
			productType = "com.apple.product-type.application";
		};
/* End PBXNativeTarget section */

/* Begin PBXProject section */
		36728BBB22577B9A00681C0F /* Project object */ = {
			isa = PBXProject;
			attributes = {
				LastUpgradeCheck = 1020;
				ORGANIZATIONNAME = lcx;
				TargetAttributes = {
					36728BC222577B9A00681C0F = {
						CreatedOnToolsVersion = 10.2;
					};
				};
			};
			buildConfigurationList = 36728BBE22577B9A00681C0F /* Build configuration list for PBXProject "MessageForward" */;
			compatibilityVersion = "Xcode 9.3";
			developmentRegion = en;
			hasScannedForEncodings = 0;
			knownRegions = (
				en,
				Base,
			);
			mainGroup = 36728BBA22577B9A00681C0F;
			productRefGroup = 36728BC422577B9A00681C0F /* Products */;
			projectDirPath = "";
			projectRoot = "";
			targets = (
				36728BC222577B9A00681C0F /* MessageForward */,
			);
		};
/* End PBXProject section */

/* Begin PBXResourcesBuildPhase section */
		36728BC122577B9A00681C0F /* Resources */ = {
			isa = PBXResourcesBuildPhase;
			buildActionMask = 2147483647;
			files = (
				36728BD322577B9B00681C0F /* LaunchScreen.storyboard in Resources */,
				36728BD022577B9B00681C0F /* Assets.xcassets in Resources */,
				36728BCE22577B9A00681C0F /* Main.storyboard in Resources */,
			);
			runOnlyForDeploymentPostprocessing = 0;
		};
/* End PBXResourcesBuildPhase section */

/* Begin PBXSourcesBuildPhase section */
		36728BBF22577B9A00681C0F /* Sources */ = {
			isa = PBXSourcesBuildPhase;
			buildActionMask = 2147483647;
			files = (
				362EA8B02261AB4D007B0973 /* MessageRClass.m in Sources */,
				36728BCB22577B9A00681C0F /* ViewController.m in Sources */,
				36728BD622577B9B00681C0F /* main.m in Sources */,
				36728BE122577FB900681C0F /* SpareReceiver.m in Sources */,
				36728BDE22577C1800681C0F /* MessageR.m in Sources */,
				36728BE4225784A700681C0F /* RuntimeTool.m in Sources */,
				36728BC822577B9A00681C0F /* AppDelegate.m in Sources */,
			);
			runOnlyForDeploymentPostprocessing = 0;
		};
/* End PBXSourcesBuildPhase section */

/* Begin PBXVariantGroup section */
		36728BCC22577B9A00681C0F /* Main.storyboard */ = {
			isa = PBXVariantGroup;
			children = (
				36728BCD22577B9A00681C0F /* Base */,
			);
			name = Main.storyboard;
			sourceTree = "<group>";
		};
		36728BD122577B9B00681C0F /* LaunchScreen.storyboard */ = {
			isa = PBXVariantGroup;
			children = (
				36728BD222577B9B00681C0F /* Base */,
			);
			name = LaunchScreen.storyboard;
			sourceTree = "<group>";
		};
/* End PBXVariantGroup section */

/* Begin XCBuildConfiguration section */
		36728BD722577B9B00681C0F /* Debug */ = {
			isa = XCBuildConfiguration;
			buildSettings = {
				ALWAYS_SEARCH_USER_PATHS = NO;
				CLANG_ANALYZER_NONNULL = YES;
				CLANG_ANALYZER_NUMBER_OBJECT_CONVERSION = YES_AGGRESSIVE;
				CLANG_CXX_LANGUAGE_STANDARD = "gnu++14";
				CLANG_CXX_LIBRARY = "libc++";
				CLANG_ENABLE_MODULES = YES;
				CLANG_ENABLE_OBJC_ARC = YES;
				CLANG_ENABLE_OBJC_WEAK = YES;
				CLANG_WARN_BLOCK_CAPTURE_AUTORELEASING = YES;
				CLANG_WARN_BOOL_CONVERSION = YES;
				CLANG_WARN_COMMA = YES;
				CLANG_WARN_CONSTANT_CONVERSION = YES;
				CLANG_WARN_DEPRECATED_OBJC_IMPLEMENTATIONS = YES;
				CLANG_WARN_DIRECT_OBJC_ISA_USAGE = YES_ERROR;
				CLANG_WARN_DOCUMENTATION_COMMENTS = YES;
				CLANG_WARN_EMPTY_BODY = YES;
				CLANG_WARN_ENUM_CONVERSION = YES;
				CLANG_WARN_INFINITE_RECURSION = YES;
				CLANG_WARN_INT_CONVERSION = YES;
				CLANG_WARN_NON_LITERAL_NULL_CONVERSION = YES;
				CLANG_WARN_OBJC_IMPLICIT_RETAIN_SELF = YES;
				CLANG_WARN_OBJC_LITERAL_CONVERSION = YES;
				CLANG_WARN_OBJC_ROOT_CLASS = YES_ERROR;
				CLANG_WARN_RANGE_LOOP_ANALYSIS = YES;
				CLANG_WARN_STRICT_PROTOTYPES = YES;
				CLANG_WARN_SUSPICIOUS_MOVE = YES;
				CLANG_WARN_UNGUARDED_AVAILABILITY = YES_AGGRESSIVE;
				CLANG_WARN_UNREACHABLE_CODE = YES;
				CLANG_WARN__DUPLICATE_METHOD_MATCH = YES;
				CODE_SIGN_IDENTITY = "iPhone Developer";
				COPY_PHASE_STRIP = NO;
				DEBUG_INFORMATION_FORMAT = dwarf;
				ENABLE_STRICT_OBJC_MSGSEND = YES;
				ENABLE_TESTABILITY = YES;
				GCC_C_LANGUAGE_STANDARD = gnu11;
				GCC_DYNAMIC_NO_PIC = NO;
				GCC_NO_COMMON_BLOCKS = YES;
				GCC_OPTIMIZATION_LEVEL = 0;
				GCC_PREPROCESSOR_DEFINITIONS = (
					"DEBUG=1",
					"$(inherited)",
				);
				GCC_WARN_64_TO_32_BIT_CONVERSION = YES;
				GCC_WARN_ABOUT_RETURN_TYPE = YES_ERROR;
				GCC_WARN_UNDECLARED_SELECTOR = YES;
				GCC_WARN_UNINITIALIZED_AUTOS = YES_AGGRESSIVE;
				GCC_WARN_UNUSED_FUNCTION = YES;
				GCC_WARN_UNUSED_VARIABLE = YES;
				IPHONEOS_DEPLOYMENT_TARGET = 12.2;
				MTL_ENABLE_DEBUG_INFO = INCLUDE_SOURCE;
				MTL_FAST_MATH = YES;
				ONLY_ACTIVE_ARCH = YES;
				SDKROOT = iphoneos;
			};
			name = Debug;
		};
		36728BD822577B9B00681C0F /* Release */ = {
			isa = XCBuildConfiguration;
			buildSettings = {
				ALWAYS_SEARCH_USER_PATHS = NO;
				CLANG_ANALYZER_NONNULL = YES;
				CLANG_ANALYZER_NUMBER_OBJECT_CONVERSION = YES_AGGRESSIVE;
				CLANG_CXX_LANGUAGE_STANDARD = "gnu++14";
				CLANG_CXX_LIBRARY = "libc++";
				CLANG_ENABLE_MODULES = YES;
				CLANG_ENABLE_OBJC_ARC = YES;
				CLANG_ENABLE_OBJC_WEAK = YES;
				CLANG_WARN_BLOCK_CAPTURE_AUTORELEASING = YES;
				CLANG_WARN_BOOL_CONVERSION = YES;
				CLANG_WARN_COMMA = YES;
				CLANG_WARN_CONSTANT_CONVERSION = YES;
				CLANG_WARN_DEPRECATED_OBJC_IMPLEMENTATIONS = YES;
				CLANG_WARN_DIRECT_OBJC_ISA_USAGE = YES_ERROR;
				CLANG_WARN_DOCUMENTATION_COMMENTS = YES;
				CLANG_WARN_EMPTY_BODY = YES;
				CLANG_WARN_ENUM_CONVERSION = YES;
				CLANG_WARN_INFINITE_RECURSION = YES;
				CLANG_WARN_INT_CONVERSION = YES;
				CLANG_WARN_NON_LITERAL_NULL_CONVERSION = YES;
				CLANG_WARN_OBJC_IMPLICIT_RETAIN_SELF = YES;
				CLANG_WARN_OBJC_LITERAL_CONVERSION = YES;
				CLANG_WARN_OBJC_ROOT_CLASS = YES_ERROR;
				CLANG_WARN_RANGE_LOOP_ANALYSIS = YES;
				CLANG_WARN_STRICT_PROTOTYPES = YES;
				CLANG_WARN_SUSPICIOUS_MOVE = YES;
				CLANG_WARN_UNGUARDED_AVAILABILITY = YES_AGGRESSIVE;
				CLANG_WARN_UNREACHABLE_CODE = YES;
				CLANG_WARN__DUPLICATE_METHOD_MATCH = YES;
				CODE_SIGN_IDENTITY = "iPhone Developer";
				COPY_PHASE_STRIP = NO;
				DEBUG_INFORMATION_FORMAT = "dwarf-with-dsym";
				ENABLE_NS_ASSERTIONS = NO;
				ENABLE_STRICT_OBJC_MSGSEND = YES;
				GCC_C_LANGUAGE_STANDARD = gnu11;
				GCC_NO_COMMON_BLOCKS = YES;
				GCC_WARN_64_TO_32_BIT_CONVERSION = YES;
				GCC_WARN_ABOUT_RETURN_TYPE = YES_ERROR;
				GCC_WARN_UNDECLARED_SELECTOR = YES;
				GCC_WARN_UNINITIALIZED_AUTOS = YES_AGGRESSIVE;
				GCC_WARN_UNUSED_FUNCTION = YES;
				GCC_WARN_UNUSED_VARIABLE = YES;
				IPHONEOS_DEPLOYMENT_TARGET = 12.2;
				MTL_ENABLE_DEBUG_INFO = NO;
				MTL_FAST_MATH = YES;
				SDKROOT = iphoneos;
				VALIDATE_PRODUCT = YES;
			};
			name = Release;
		};
		36728BDA22577B9B00681C0F /* Debug */ = {
			isa = XCBuildConfiguration;
			buildSettings = {
				ASSETCATALOG_COMPILER_APPICON_NAME = AppIcon;
				CODE_SIGN_STYLE = Automatic;
				INFOPLIST_FILE = MessageForward/Info.plist;
				LD_RUNPATH_SEARCH_PATHS = (
					"$(inherited)",
					"@executable_path/Frameworks",
				);
				PRODUCT_BUNDLE_IDENTIFIER = com.365goodluck.MessageForward;
				PRODUCT_NAME = "$(TARGET_NAME)";
				TARGETED_DEVICE_FAMILY = "1,2";
			};
			name = Debug;
		};
		36728BDB22577B9B00681C0F /* Release */ = {
			isa = XCBuildConfiguration;
			buildSettings = {
				ASSETCATALOG_COMPILER_APPICON_NAME = AppIcon;
				CODE_SIGN_STYLE = Automatic;
				INFOPLIST_FILE = MessageForward/Info.plist;
				LD_RUNPATH_SEARCH_PATHS = (
					"$(inherited)",
					"@executable_path/Frameworks",
				);
				PRODUCT_BUNDLE_IDENTIFIER = com.365goodluck.MessageForward;
				PRODUCT_NAME = "$(TARGET_NAME)";
				TARGETED_DEVICE_FAMILY = "1,2";
			};
			name = Release;
		};
/* End XCBuildConfiguration section */

/* Begin XCConfigurationList section */
		36728BBE22577B9A00681C0F /* Build configuration list for PBXProject "MessageForward" */ = {
			isa = XCConfigurationList;
			buildConfigurations = (
				36728BD722577B9B00681C0F /* Debug */,
				36728BD822577B9B00681C0F /* Release */,
			);
			defaultConfigurationIsVisible = 0;
			defaultConfigurationName = Release;
		};
		36728BD922577B9B00681C0F /* Build configuration list for PBXNativeTarget "MessageForward" */ = {
			isa = XCConfigurationList;
			buildConfigurations = (
				36728BDA22577B9B00681C0F /* Debug */,
				36728BDB22577B9B00681C0F /* Release */,
			);
			defaultConfigurationIsVisible = 0;
			defaultConfigurationName = Release;
		};
/* End XCConfigurationList section */
	};
	rootObject = 36728BBB22577B9A00681C0F /* Project object */;
}
